
Microsoft Visual Studio Solution File, Format Version 12.00
# Visual Studio Version 17
VisualStudioVersion = 17.12.35707.178
MinimumVisualStudioVersion = 10.0.40219.1
Project("{FAE04EC0-301F-11D3-BF4B-00C04F79EFBC}") = "Practicas", "GUI_Dinamica\Practicas.csproj", "{2F7ED783-1D80-44AF-A43A-E9DD5A3AF8B1}"
EndProject
Project("{FAE04EC0-301F-11D3-BF4B-00C04F79EFBC}") = "BotonLibreria", "BotonLibreria\BotonLibreria.csproj", "{13AD1F98-9133-46CA-8716-5A01D3F3629F}"
EndProject
Project("{FAE04EC0-301F-11D3-BF4B-00C04F79EFBC}") = "CuadroTexto", "CuadroTexto\CuadroTexto.csproj", "{1F17F42C-562F-49D0-B6A4-55800B0F2C14}"
EndProject
Global
	GlobalSection(SolutionConfigurationPlatforms) = preSolution
		Debug|Any CPU = Debug|Any CPU
		Release|Any CPU = Release|Any CPU
	EndGlobalSection
	GlobalSection(ProjectConfigurationPlatforms) = postSolution
		{2F7ED783-1D80-44AF-A43A-E9DD5A3AF8B1}.Debug|Any CPU.ActiveCfg = Debug|Any CPU
		{2F7ED783-1D80-44AF-A43A-E9DD5A3AF8B1}.Debug|Any CPU.Build.0 = Debug|Any CPU
		{2F7ED783-1D80-44AF-A43A-E9DD5A3AF8B1}.Release|Any CPU.ActiveCfg = Release|Any CPU
		{2F7ED783-1D80-44AF-A43A-E9DD5A3AF8B1}.Release|Any CPU.Build.0 = Release|Any CPU
		{13AD1F98-9133-46CA-8716-5A01D3F3629F}.Debug|Any CPU.ActiveCfg = Debug|Any CPU
		{13AD1F98-9133-46CA-8716-5A01D3F3629F}.Debug|Any CPU.Build.0 = Debug|Any CPU
		{13AD1F98-9133-46CA-8716-5A01D3F3629F}.Release|Any CPU.ActiveCfg = Release|Any CPU
		{13AD1F98-9133-46CA-8716-5A01D3F3629F}.Release|Any CPU.Build.0 = Release|Any CPU
		{1F17F42C-562F-49D0-B6A4-55800B0F2C14}.Debug|Any CPU.ActiveCfg = Debug|Any CPU
		{1F17F42C-562F-49D0-B6A4-55800B0F2C14}.Debug|Any CPU.Build.0 = Debug|Any CPU
		{1F17F42C-562F-49D0-B6A4-55800B0F2C14}.Release|Any CPU.ActiveCfg = Release|Any CPU
		{1F17F42C-562F-49D0-B6A4-55800B0F2C14}.Release|Any CPU.Build.0 = Release|Any CPU
	EndGlobalSection
	GlobalSection(SolutionProperties) = preSolution
		HideSolutionNode = FALSE
	EndGlobalSection
	GlobalSection(ExtensibilityGlobals) = postSolution
		SolutionGuid = {12FB1BB5-274C-4CD4-872E-7526805A6FDA}
	EndGlobalSection
EndGlobal
