
Microsoft Visual Studio Solution File, Format Version 12.00
# Visual Studio Version 17
VisualStudioVersion = 17.12.35707.178
MinimumVisualStudioVersion = 10.0.40219.1
Project("{FAE04EC0-301F-11D3-BF4B-00C04F79EFBC}") = "Practicas", "GUI_Dinamica\Practicas.csproj", "{2F7ED783-1D80-44AF-A43A-E9DD5A3AF8B1}"
EndProject
Project("{FAE04EC0-301F-11D3-BF4B-00C04F79EFBC}") = "LibreriaPractica3", "LibreriaPractica3\LibreriaPractica3\LibreriaPractica3.csproj", "{FE4727CA-02D5-4C10-8C54-3BB19A2D8752}"
EndProject
Project("{FAE04EC0-301F-11D3-BF4B-00C04F79EFBC}") = "LaPrueva", "LaPrueva\LaPrueva\LaPrueva.csproj", "{3180FCFA-F067-4501-B274-3FDDA7A100EA}"
EndProject
Project("{FAE04EC0-301F-11D3-BF4B-00C04F79EFBC}") = "Pratica base de datos", "prueba\prueba\Pratica base de datos.csproj", "{CA8A1B37-87D9-483B-AA2D-D52CC5D8E9F5}"
EndProject
Project("{FAE04EC0-301F-11D3-BF4B-00C04F79EFBC}") = "AgendaPersonal", "AgendaPersonal\AgendaPersonal\AgendaPersonal.csproj", "{5921803F-EE7E-9F09-D58E-C2D1DCFCE20F}"
EndProject
Global
	GlobalSection(SolutionConfigurationPlatforms) = preSolution
		Debug|Any CPU = Debug|Any CPU
		Release|Any CPU = Release|Any CPU
	EndGlobalSection
	GlobalSection(ProjectConfigurationPlatforms) = postSolution
		{2F7ED783-1D80-44AF-A43A-E9DD5A3AF8B1}.Debug|Any CPU.ActiveCfg = Debug|Any CPU
		{2F7ED783-1D80-44AF-A43A-E9DD5A3AF8B1}.Debug|Any CPU.Build.0 = Debug|Any CPU
		{2F7ED783-1D80-44AF-A43A-E9DD5A3AF8B1}.Release|Any CPU.ActiveCfg = Release|Any CPU
		{2F7ED783-1D80-44AF-A43A-E9DD5A3AF8B1}.Release|Any CPU.Build.0 = Release|Any CPU
		{FE4727CA-02D5-4C10-8C54-3BB19A2D8752}.Debug|Any CPU.ActiveCfg = Debug|Any CPU
		{FE4727CA-02D5-4C10-8C54-3BB19A2D8752}.Debug|Any CPU.Build.0 = Debug|Any CPU
		{FE4727CA-02D5-4C10-8C54-3BB19A2D8752}.Release|Any CPU.ActiveCfg = Release|Any CPU
		{FE4727CA-02D5-4C10-8C54-3BB19A2D8752}.Release|Any CPU.Build.0 = Release|Any CPU
		{3180FCFA-F067-4501-B274-3FDDA7A100EA}.Debug|Any CPU.ActiveCfg = Debug|Any CPU
		{3180FCFA-F067-4501-B274-3FDDA7A100EA}.Debug|Any CPU.Build.0 = Debug|Any CPU
		{3180FCFA-F067-4501-B274-3FDDA7A100EA}.Release|Any CPU.ActiveCfg = Release|Any CPU
		{3180FCFA-F067-4501-B274-3FDDA7A100EA}.Release|Any CPU.Build.0 = Release|Any CPU
		{CA8A1B37-87D9-483B-AA2D-D52CC5D8E9F5}.Debug|Any CPU.ActiveCfg = Debug|Any CPU
		{CA8A1B37-87D9-483B-AA2D-D52CC5D8E9F5}.Debug|Any CPU.Build.0 = Debug|Any CPU
		{CA8A1B37-87D9-483B-AA2D-D52CC5D8E9F5}.Release|Any CPU.ActiveCfg = Release|Any CPU
		{CA8A1B37-87D9-483B-AA2D-D52CC5D8E9F5}.Release|Any CPU.Build.0 = Release|Any CPU
		{5921803F-EE7E-9F09-D58E-C2D1DCFCE20F}.Debug|Any CPU.ActiveCfg = Debug|Any CPU
		{5921803F-EE7E-9F09-D58E-C2D1DCFCE20F}.Debug|Any CPU.Build.0 = Debug|Any CPU
		{5921803F-EE7E-9F09-D58E-C2D1DCFCE20F}.Release|Any CPU.ActiveCfg = Release|Any CPU
		{5921803F-EE7E-9F09-D58E-C2D1DCFCE20F}.Release|Any CPU.Build.0 = Release|Any CPU
	EndGlobalSection
	GlobalSection(SolutionProperties) = preSolution
		HideSolutionNode = FALSE
	EndGlobalSection
	GlobalSection(ExtensibilityGlobals) = postSolution
		SolutionGuid = {12FB1BB5-274C-4CD4-872E-7526805A6FDA}
	EndGlobalSection
EndGlobal
