
Microsoft Visual Studio Solution File, Format Version 12.00
# Visual Studio Version 17
VisualStudioVersion = 17.11.35327.3
MinimumVisualStudioVersion = 10.0.40219.1
Project("{FAE04EC0-301F-11D3-BF4B-00C04F79EFBC}") = "practica4concurrencias", "practica4concurrencias\practica4concurrencias.csproj", "{1431835D-6844-4652-9321-6CDF8C8CC803}"
EndProject
Global
	GlobalSection(SolutionConfigurationPlatforms) = preSolution
		Debug|Any CPU = Debug|Any CPU
		Release|Any CPU = Release|Any CPU
	EndGlobalSection
	GlobalSection(ProjectConfigurationPlatforms) = postSolution
		{1431835D-6844-4652-9321-6CDF8C8CC803}.Debug|Any CPU.ActiveCfg = Debug|Any CPU
		{1431835D-6844-4652-9321-6CDF8C8CC803}.Debug|Any CPU.Build.0 = Debug|Any CPU
		{1431835D-6844-4652-9321-6CDF8C8CC803}.Release|Any CPU.ActiveCfg = Release|Any CPU
		{1431835D-6844-4652-9321-6CDF8C8CC803}.Release|Any CPU.Build.0 = Release|Any CPU
	EndGlobalSection
	GlobalSection(SolutionProperties) = preSolution
		HideSolutionNode = FALSE
	EndGlobalSection
	GlobalSection(ExtensibilityGlobals) = postSolution
		SolutionGuid = {40223DEE-D365-4C1F-A299-B190BC7DD7DD}
	EndGlobalSection
EndGlobal
